
Microsoft Visual Studio Solution File, Format Version 12.00
# Visual Studio Version 17
VisualStudioVersion = 17.0.31912.275
MinimumVisualStudioVersion = 10.0.40219.1
Project("{FAE04EC0-301F-11D3-BF4B-00C04F79EFBC}") = "Entities", "Entities\Entities.csproj", "{ED362022-9B20-415B-B15F-DA83440E072A}"
EndProject
Project("{FAE04EC0-301F-11D3-BF4B-00C04F79EFBC}") = "DataAccess", "DataAccess\DataAccess.csproj", "{ACC57BC4-FCDD-45CF-B576-E87790BD45CA}"
EndProject
Project("{FAE04EC0-301F-11D3-BF4B-00C04F79EFBC}") = "Business", "Business\Business.csproj", "{11B45D82-A975-4A7D-87C4-C488142925AA}"
EndProject
Project("{FAE04EC0-301F-11D3-BF4B-00C04F79EFBC}") = "Core", "Core\Core.csproj", "{243F6BAF-A1B9-4B2F-88AB-E9415B8606FB}"
EndProject
Project("{FAE04EC0-301F-11D3-BF4B-00C04F79EFBC}") = "Web", "Web\Web.csproj", "{1F791624-D869-4BEA-9B86-8DA8DD975C17}"
EndProject
Global
	GlobalSection(SolutionConfigurationPlatforms) = preSolution
		Debug|Any CPU = Debug|Any CPU
		Release|Any CPU = Release|Any CPU
	EndGlobalSection
	GlobalSection(ProjectConfigurationPlatforms) = postSolution
		{ED362022-9B20-415B-B15F-DA83440E072A}.Debug|Any CPU.ActiveCfg = Debug|Any CPU
		{ED362022-9B20-415B-B15F-DA83440E072A}.Debug|Any CPU.Build.0 = Debug|Any CPU
		{ED362022-9B20-415B-B15F-DA83440E072A}.Release|Any CPU.ActiveCfg = Release|Any CPU
		{ED362022-9B20-415B-B15F-DA83440E072A}.Release|Any CPU.Build.0 = Release|Any CPU
		{ACC57BC4-FCDD-45CF-B576-E87790BD45CA}.Debug|Any CPU.ActiveCfg = Debug|Any CPU
		{ACC57BC4-FCDD-45CF-B576-E87790BD45CA}.Debug|Any CPU.Build.0 = Debug|Any CPU
		{ACC57BC4-FCDD-45CF-B576-E87790BD45CA}.Release|Any CPU.ActiveCfg = Release|Any CPU
		{ACC57BC4-FCDD-45CF-B576-E87790BD45CA}.Release|Any CPU.Build.0 = Release|Any CPU
		{11B45D82-A975-4A7D-87C4-C488142925AA}.Debug|Any CPU.ActiveCfg = Debug|Any CPU
		{11B45D82-A975-4A7D-87C4-C488142925AA}.Debug|Any CPU.Build.0 = Debug|Any CPU
		{11B45D82-A975-4A7D-87C4-C488142925AA}.Release|Any CPU.ActiveCfg = Release|Any CPU
		{11B45D82-A975-4A7D-87C4-C488142925AA}.Release|Any CPU.Build.0 = Release|Any CPU
		{243F6BAF-A1B9-4B2F-88AB-E9415B8606FB}.Debug|Any CPU.ActiveCfg = Debug|Any CPU
		{243F6BAF-A1B9-4B2F-88AB-E9415B8606FB}.Debug|Any CPU.Build.0 = Debug|Any CPU
		{243F6BAF-A1B9-4B2F-88AB-E9415B8606FB}.Release|Any CPU.ActiveCfg = Release|Any CPU
		{243F6BAF-A1B9-4B2F-88AB-E9415B8606FB}.Release|Any CPU.Build.0 = Release|Any CPU
		{1F791624-D869-4BEA-9B86-8DA8DD975C17}.Debug|Any CPU.ActiveCfg = Debug|Any CPU
		{1F791624-D869-4BEA-9B86-8DA8DD975C17}.Debug|Any CPU.Build.0 = Debug|Any CPU
		{1F791624-D869-4BEA-9B86-8DA8DD975C17}.Release|Any CPU.ActiveCfg = Release|Any CPU
		{1F791624-D869-4BEA-9B86-8DA8DD975C17}.Release|Any CPU.Build.0 = Release|Any CPU
	EndGlobalSection
	GlobalSection(SolutionProperties) = preSolution
		HideSolutionNode = FALSE
	EndGlobalSection
	GlobalSection(ExtensibilityGlobals) = postSolution
		SolutionGuid = {68D5052A-AEB4-4709-BC02-359BE1D17E67}
	EndGlobalSection
EndGlobal
